
Microsoft Visual Studio Solution File, Format Version 12.00
# Visual Studio 2012
Project("{FAE04EC0-301F-11D3-BF4B-00C04F79EFBC}") = "UnitTestProject", "UnitTestProject\UnitTestProject.csproj", "{5DBDDA0A-CAE0-423F-B2EF-577CB52525CA}"
EndProject
Project("{FAE04EC0-301F-11D3-BF4B-00C04F79EFBC}") = "UnitTestProject.Tests", "UnitTestProject.Tests\UnitTestProject.Tests.csproj", "{1F58C2B7-793E-4511-B175-F9808EAE9000}"
EndProject
Project("{FAE04EC0-301F-11D3-BF4B-00C04F79EFBC}") = "DAL", "DAL\DAL.csproj", "{A3C3C431-A857-45B9-AA79-2322DA7B93A8}"
EndProject
Global
	GlobalSection(SolutionConfigurationPlatforms) = preSolution
		Debug|Any CPU = Debug|Any CPU
		Release|Any CPU = Release|Any CPU
	EndGlobalSection
	GlobalSection(ProjectConfigurationPlatforms) = postSolution
		{5DBDDA0A-CAE0-423F-B2EF-577CB52525CA}.Debug|Any CPU.ActiveCfg = Debug|Any CPU
		{5DBDDA0A-CAE0-423F-B2EF-577CB52525CA}.Debug|Any CPU.Build.0 = Debug|Any CPU
		{5DBDDA0A-CAE0-423F-B2EF-577CB52525CA}.Release|Any CPU.ActiveCfg = Release|Any CPU
		{5DBDDA0A-CAE0-423F-B2EF-577CB52525CA}.Release|Any CPU.Build.0 = Release|Any CPU
		{1F58C2B7-793E-4511-B175-F9808EAE9000}.Debug|Any CPU.ActiveCfg = Debug|Any CPU
		{1F58C2B7-793E-4511-B175-F9808EAE9000}.Debug|Any CPU.Build.0 = Debug|Any CPU
		{1F58C2B7-793E-4511-B175-F9808EAE9000}.Release|Any CPU.ActiveCfg = Release|Any CPU
		{1F58C2B7-793E-4511-B175-F9808EAE9000}.Release|Any CPU.Build.0 = Release|Any CPU
		{A3C3C431-A857-45B9-AA79-2322DA7B93A8}.Debug|Any CPU.ActiveCfg = Debug|Any CPU
		{A3C3C431-A857-45B9-AA79-2322DA7B93A8}.Debug|Any CPU.Build.0 = Debug|Any CPU
		{A3C3C431-A857-45B9-AA79-2322DA7B93A8}.Release|Any CPU.ActiveCfg = Release|Any CPU
		{A3C3C431-A857-45B9-AA79-2322DA7B93A8}.Release|Any CPU.Build.0 = Release|Any CPU
	EndGlobalSection
EndGlobal
